{
  "originHash" : "4faac1b427c0a80204d9b1b1c2e4a2cdf95dc118d92a0c34118f2603270d773b",
  "pins" : [
    {
      "identity" : "geometrylite2d",
      "kind" : "remoteSourceControl",
      "location" : "https://github.com/schwa/GeometryLite2D",
      "state" : {
        "revision" : "5da6fa15d7f7ecb6865f8e21e6d246ef81b5e458",
        "version" : "0.0.1"
      }
    },
    {
      "identity" : "geometrylite3d",
      "kind" : "remoteSourceControl",
      "location" : "https://github.com/schwa/GeometryLite3D",
      "state" : {
        "revision" : "898b2f439607760e3c9f8c239f51664c9bbd3692",
        "version" : "0.1.1"
      }
    },
    {
      "identity" : "metalsupport",
      "kind" : "remoteSourceControl",
      "location" : "https://github.com/schwa/MetalSupport",
      "state" : {
        "revision" : "bbd05e3292b7b5808e04c93be11a75e141aadf02",
        "version" : "1.0.1"
      }
    },
    {
      "identity" : "swift-collections",
      "kind" : "remoteSourceControl",
      "location" : "https://github.com/apple/swift-collections.git",
      "state" : {
        "revision" : "6675bc0ff86e61436e615df6fc5174e043e57924",
        "version" : "1.4.1"
      }
    },
    {
      "identity" : "swift-numerics",
      "kind" : "remoteSourceControl",
      "location" : "https://github.com/apple/swift-numerics.git",
      "state" : {
        "revision" : "0c0290ff6b24942dadb83a929ffaaa1481df04a2",
        "version" : "1.1.1"
      }
    },
    {
      "identity" : "swiftearcut",
      "kind" : "remoteSourceControl",
      "location" : "https://github.com/schwa/SwiftEarcut",
      "state" : {
        "revision" : "ebb45ca2e575a2ba43b50e2b5c13f7bc3ffa289d",
        "version" : "0.0.1"
      }
    }
  ],
  "version" : 3
}
