{
  "originHash" : "ed0258aee1e7f1b2652b51307d9b3260032f1ae71d8479f3d40b5f524521cfc2",
  "pins" : [
    {
      "identity" : "geometrylite3d",
      "kind" : "remoteSourceControl",
      "location" : "https://github.com/schwa/GeometryLite3D",
      "state" : {
        "revision" : "898b2f439607760e3c9f8c239f51664c9bbd3692",
        "version" : "0.1.1"
      }
    },
    {
      "identity" : "interaction3d",
      "kind" : "remoteSourceControl",
      "location" : "https://github.com/schwa/Interaction3D",
      "state" : {
        "branch" : "main",
        "revision" : "27b21448ec476503562205dd250ff273ed0599b8"
      }
    },
    {
      "identity" : "metalsupport",
      "kind" : "remoteSourceControl",
      "location" : "https://github.com/schwa/MetalSupport",
      "state" : {
        "revision" : "bbd05e3292b7b5808e04c93be11a75e141aadf02",
        "version" : "1.0.1"
      }
    },
    {
      "identity" : "spacemouse",
      "kind" : "remoteSourceControl",
      "location" : "https://github.com/schwa/SpaceMouse",
      "state" : {
        "branch" : "main",
        "revision" : "52a4dac46dbf2704e00010523274ada3a4d5c4e2"
      }
    },
    {
      "identity" : "swift-algorithms",
      "kind" : "remoteSourceControl",
      "location" : "https://github.com/apple/swift-algorithms",
      "state" : {
        "revision" : "87e50f483c54e6efd60e885f7f5aa946cee68023",
        "version" : "1.2.1"
      }
    },
    {
      "identity" : "swift-async-algorithms",
      "kind" : "remoteSourceControl",
      "location" : "https://github.com/apple/swift-async-algorithms",
      "state" : {
        "revision" : "9d349bcc328ac3c31ce40e746b5882742a0d1272",
        "version" : "1.1.3"
      }
    },
    {
      "identity" : "swift-collections",
      "kind" : "remoteSourceControl",
      "location" : "https://github.com/apple/swift-collections",
      "state" : {
        "revision" : "6675bc0ff86e61436e615df6fc5174e043e57924",
        "version" : "1.4.1"
      }
    },
    {
      "identity" : "swift-numerics",
      "kind" : "remoteSourceControl",
      "location" : "https://github.com/apple/swift-numerics.git",
      "state" : {
        "revision" : "0c0290ff6b24942dadb83a929ffaaa1481df04a2",
        "version" : "1.1.1"
      }
    },
    {
      "identity" : "swiftearcut",
      "kind" : "remoteSourceControl",
      "location" : "https://github.com/schwa/SwiftEarcut",
      "state" : {
        "revision" : "ebb45ca2e575a2ba43b50e2b5c13f7bc3ffa289d",
        "version" : "0.0.1"
      }
    },
    {
      "identity" : "swiftformats",
      "kind" : "remoteSourceControl",
      "location" : "https://github.com/schwa/SwiftFormats",
      "state" : {
        "revision" : "0f0929852e7709fcd2a006efda19925ee773d752",
        "version" : "0.3.7"
      }
    }
  ],
  "version" : 3
}
