// !$*UTF8*$!
{
	archiveVersion = 1;
	classes = {
	};
	objectVersion = 77;
	objects = {

/* Begin PBXBuildFile section */
		452619932F8F5A6600E3ABFF /* Interaction3D in Frameworks */ = {isa = PBXBuildFile; productRef = 452619922F8F5A6600E3ABFF /* Interaction3D */; };
		457F400F2F8F12FE00A9AC0B /* SwiftMesh in Frameworks */ = {isa = PBXBuildFile; productRef = 457F400E2F8F12FE00A9AC0B /* SwiftMesh */; };
		457F40112F8F12FE00A9AC0B /* SwiftMeshIO in Frameworks */ = {isa = PBXBuildFile; productRef = 457F40102F8F12FE00A9AC0B /* SwiftMeshIO */; };
		457F402A2F8F139400A9AC0B /* GeometryLite3D in Frameworks */ = {isa = PBXBuildFile; productRef = 457F40292F8F139400A9AC0B /* GeometryLite3D */; };
/* End PBXBuildFile section */

/* Begin PBXFileReference section */
		451594472F64A8DC005F944D /* SwiftMeshDemo.app */ = {isa = PBXFileReference; explicitFileType = wrapper.application; includeInIndex = 0; path = SwiftMeshDemo.app; sourceTree = BUILT_PRODUCTS_DIR; };
/* End PBXFileReference section */

/* Begin PBXFileSystemSynchronizedBuildFileExceptionSet section */
		451594922F64AAB2005F944D /* Exceptions for "Configuration" folder in "SwiftMeshDemo" target */ = {
			isa = PBXFileSystemSynchronizedBuildFileExceptionSet;
			membershipExceptions = (
				"Project-Debug.xcconfig",
				"Project-Release.xcconfig",
				"Project-Shared.xcconfig",
				"SwiftMeshDemo-Debug.xcconfig",
				"SwiftMeshDemo-Release.xcconfig",
				"SwiftMeshDemo-Shared.xcconfig",
			);
			target = 451594462F64A8DC005F944D /* SwiftMeshDemo */;
		};
/* End PBXFileSystemSynchronizedBuildFileExceptionSet section */

/* Begin PBXFileSystemSynchronizedRootGroup section */
		451594492F64A8DC005F944D /* SwiftMeshDemo */ = {
			isa = PBXFileSystemSynchronizedRootGroup;
			path = SwiftMeshDemo;
			sourceTree = "<group>";
		};
		451594742F64AA9A005F944D /* Configuration */ = {
			isa = PBXFileSystemSynchronizedRootGroup;
			exceptions = (
				451594922F64AAB2005F944D /* Exceptions for "Configuration" folder in "SwiftMeshDemo" target */,
			);
			path = Configuration;
			sourceTree = "<group>";
		};
/* End PBXFileSystemSynchronizedRootGroup section */

/* Begin PBXFrameworksBuildPhase section */
		451594442F64A8DC005F944D /* Frameworks */ = {
			isa = PBXFrameworksBuildPhase;
			buildActionMask = 2147483647;
			files = (
				452619932F8F5A6600E3ABFF /* Interaction3D in Frameworks */,
				457F40112F8F12FE00A9AC0B /* SwiftMeshIO in Frameworks */,
				457F400F2F8F12FE00A9AC0B /* SwiftMesh in Frameworks */,
				457F402A2F8F139400A9AC0B /* GeometryLite3D in Frameworks */,
			);
			runOnlyForDeploymentPostprocessing = 0;
		};
/* End PBXFrameworksBuildPhase section */

/* Begin PBXGroup section */
		4515943E2F64A8DC005F944D = {
			isa = PBXGroup;
			children = (
				451594742F64AA9A005F944D /* Configuration */,
				451594492F64A8DC005F944D /* SwiftMeshDemo */,
				451594482F64A8DC005F944D /* Products */,
			);
			sourceTree = "<group>";
		};
		451594482F64A8DC005F944D /* Products */ = {
			isa = PBXGroup;
			children = (
				451594472F64A8DC005F944D /* SwiftMeshDemo.app */,
			);
			name = Products;
			sourceTree = "<group>";
		};
/* End PBXGroup section */

/* Begin PBXNativeTarget section */
		451594462F64A8DC005F944D /* SwiftMeshDemo */ = {
			isa = PBXNativeTarget;
			buildConfigurationList = 451594522F64A8DD005F944D /* Build configuration list for PBXNativeTarget "SwiftMeshDemo" */;
			buildPhases = (
				451594432F64A8DC005F944D /* Sources */,
				451594442F64A8DC005F944D /* Frameworks */,
				451594452F64A8DC005F944D /* Resources */,
			);
			buildRules = (
			);
			dependencies = (
			);
			fileSystemSynchronizedGroups = (
				451594492F64A8DC005F944D /* SwiftMeshDemo */,
				451594742F64AA9A005F944D /* Configuration */,
			);
			name = SwiftMeshDemo;
			packageProductDependencies = (
				457F400E2F8F12FE00A9AC0B /* SwiftMesh */,
				457F40102F8F12FE00A9AC0B /* SwiftMeshIO */,
				457F40292F8F139400A9AC0B /* GeometryLite3D */,
				452619922F8F5A6600E3ABFF /* Interaction3D */,
			);
			productName = SwiftMeshDemo;
			productReference = 451594472F64A8DC005F944D /* SwiftMeshDemo.app */;
			productType = "com.apple.product-type.application";
		};
/* End PBXNativeTarget section */

/* Begin PBXProject section */
		4515943F2F64A8DC005F944D /* Project object */ = {
			isa = PBXProject;
			attributes = {
				BuildIndependentTargetsInParallel = 1;
				LastSwiftUpdateCheck = 2640;
				LastUpgradeCheck = 2640;
				TargetAttributes = {
					451594462F64A8DC005F944D = {
						CreatedOnToolsVersion = 26.4;
					};
				};
			};
			buildConfigurationList = 451594422F64A8DC005F944D /* Build configuration list for PBXProject "SwiftMeshDemo" */;
			developmentRegion = en;
			hasScannedForEncodings = 0;
			knownRegions = (
				en,
				Base,
			);
			mainGroup = 4515943E2F64A8DC005F944D;
			minimizedProjectReferenceProxies = 1;
			packageReferences = (
				457F400D2F8F12FE00A9AC0B /* XCLocalSwiftPackageReference ".." */,
				457F40282F8F139400A9AC0B /* XCRemoteSwiftPackageReference "GeometryLite3D" */,
				452619912F8F5A6600E3ABFF /* XCRemoteSwiftPackageReference "Interaction3D" */,
			);
			preferredProjectObjectVersion = 77;
			productRefGroup = 451594482F64A8DC005F944D /* Products */;
			projectDirPath = "";
			projectRoot = "";
			targets = (
				451594462F64A8DC005F944D /* SwiftMeshDemo */,
			);
		};
/* End PBXProject section */

/* Begin PBXResourcesBuildPhase section */
		451594452F64A8DC005F944D /* Resources */ = {
			isa = PBXResourcesBuildPhase;
			buildActionMask = 2147483647;
			files = (
			);
			runOnlyForDeploymentPostprocessing = 0;
		};
/* End PBXResourcesBuildPhase section */

/* Begin PBXSourcesBuildPhase section */
		451594432F64A8DC005F944D /* Sources */ = {
			isa = PBXSourcesBuildPhase;
			buildActionMask = 2147483647;
			files = (
			);
			runOnlyForDeploymentPostprocessing = 0;
		};
/* End PBXSourcesBuildPhase section */

/* Begin XCBuildConfiguration section */
		451594502F64A8DD005F944D /* Debug */ = {
			isa = XCBuildConfiguration;
			baseConfigurationReferenceAnchor = 451594742F64AA9A005F944D /* Configuration */;
			baseConfigurationReferenceRelativePath = "Project-Debug.xcconfig";
			buildSettings = {
				DEVELOPMENT_TEAM = XXXXXXXXXX;
			};
			name = Debug;
		};
		451594512F64A8DD005F944D /* Release */ = {
			isa = XCBuildConfiguration;
			baseConfigurationReferenceAnchor = 451594742F64AA9A005F944D /* Configuration */;
			baseConfigurationReferenceRelativePath = "Project-Release.xcconfig";
			buildSettings = {
				DEVELOPMENT_TEAM = XXXXXXXXXX;
			};
			name = Release;
		};
		451594532F64A8DD005F944D /* Debug */ = {
			isa = XCBuildConfiguration;
			baseConfigurationReferenceAnchor = 451594742F64AA9A005F944D /* Configuration */;
			baseConfigurationReferenceRelativePath = "SwiftMeshDemo-Debug.xcconfig";
			buildSettings = {
			};
			name = Debug;
		};
		451594542F64A8DD005F944D /* Release */ = {
			isa = XCBuildConfiguration;
			baseConfigurationReferenceAnchor = 451594742F64AA9A005F944D /* Configuration */;
			baseConfigurationReferenceRelativePath = "SwiftMeshDemo-Release.xcconfig";
			buildSettings = {
			};
			name = Release;
		};
/* End XCBuildConfiguration section */

/* Begin XCConfigurationList section */
		451594422F64A8DC005F944D /* Build configuration list for PBXProject "SwiftMeshDemo" */ = {
			isa = XCConfigurationList;
			buildConfigurations = (
				451594502F64A8DD005F944D /* Debug */,
				451594512F64A8DD005F944D /* Release */,
			);
			defaultConfigurationIsVisible = 0;
			defaultConfigurationName = Release;
		};
		451594522F64A8DD005F944D /* Build configuration list for PBXNativeTarget "SwiftMeshDemo" */ = {
			isa = XCConfigurationList;
			buildConfigurations = (
				451594532F64A8DD005F944D /* Debug */,
				451594542F64A8DD005F944D /* Release */,
			);
			defaultConfigurationIsVisible = 0;
			defaultConfigurationName = Release;
		};
/* End XCConfigurationList section */

/* Begin XCLocalSwiftPackageReference section */
		457F400D2F8F12FE00A9AC0B /* XCLocalSwiftPackageReference ".." */ = {
			isa = XCLocalSwiftPackageReference;
			relativePath = ..;
		};
/* End XCLocalSwiftPackageReference section */

/* Begin XCRemoteSwiftPackageReference section */
		452619912F8F5A6600E3ABFF /* XCRemoteSwiftPackageReference "Interaction3D" */ = {
			isa = XCRemoteSwiftPackageReference;
			repositoryURL = "https://github.com/schwa/Interaction3D";
			requirement = {
				branch = main;
				kind = branch;
			};
		};
		457F40282F8F139400A9AC0B /* XCRemoteSwiftPackageReference "GeometryLite3D" */ = {
			isa = XCRemoteSwiftPackageReference;
			repositoryURL = "https://github.com/schwa/GeometryLite3D";
			requirement = {
				kind = upToNextMajorVersion;
				minimumVersion = 0.1.1;
			};
		};
/* End XCRemoteSwiftPackageReference section */

/* Begin XCSwiftPackageProductDependency section */
		452619922F8F5A6600E3ABFF /* Interaction3D */ = {
			isa = XCSwiftPackageProductDependency;
			package = 452619912F8F5A6600E3ABFF /* XCRemoteSwiftPackageReference "Interaction3D" */;
			productName = Interaction3D;
		};
		457F400E2F8F12FE00A9AC0B /* SwiftMesh */ = {
			isa = XCSwiftPackageProductDependency;
			productName = SwiftMesh;
		};
		457F40102F8F12FE00A9AC0B /* SwiftMeshIO */ = {
			isa = XCSwiftPackageProductDependency;
			productName = SwiftMeshIO;
		};
		457F40292F8F139400A9AC0B /* GeometryLite3D */ = {
			isa = XCSwiftPackageProductDependency;
			package = 457F40282F8F139400A9AC0B /* XCRemoteSwiftPackageReference "GeometryLite3D" */;
			productName = GeometryLite3D;
		};
/* End XCSwiftPackageProductDependency section */
	};
	rootObject = 4515943F2F64A8DC005F944D /* Project object */;
}
